
Microsoft Visual Studio Solution File, Format Version 12.00
# Visual Studio Version 16
VisualStudioVersion = 16.0.30114.105
MinimumVisualStudioVersion = 10.0.40219.1
Project("{FAE04EC0-301F-11D3-BF4B-00C04F79EFBC}") = "azureStorageExample", "azureStorageExample\azureStorageExample.csproj", "{60064ED1-D7E8-444C-9928-8055F6CE9A7A}"
EndProject
Project("{FAE04EC0-301F-11D3-BF4B-00C04F79EFBC}") = "azureFunctionsExample", "azureFunctionsExample\azureFunctionsExample.csproj", "{A043C412-47C5-4731-A2BB-97A5E809D804}"
EndProject
Global
	GlobalSection(SolutionConfigurationPlatforms) = preSolution
		Debug|Any CPU = Debug|Any CPU
		Release|Any CPU = Release|Any CPU
	EndGlobalSection
	GlobalSection(ProjectConfigurationPlatforms) = postSolution
		{60064ED1-D7E8-444C-9928-8055F6CE9A7A}.Debug|Any CPU.ActiveCfg = Debug|Any CPU
		{60064ED1-D7E8-444C-9928-8055F6CE9A7A}.Debug|Any CPU.Build.0 = Debug|Any CPU
		{60064ED1-D7E8-444C-9928-8055F6CE9A7A}.Release|Any CPU.ActiveCfg = Release|Any CPU
		{60064ED1-D7E8-444C-9928-8055F6CE9A7A}.Release|Any CPU.Build.0 = Release|Any CPU
		{A043C412-47C5-4731-A2BB-97A5E809D804}.Debug|Any CPU.ActiveCfg = Debug|Any CPU
		{A043C412-47C5-4731-A2BB-97A5E809D804}.Debug|Any CPU.Build.0 = Debug|Any CPU
		{A043C412-47C5-4731-A2BB-97A5E809D804}.Release|Any CPU.ActiveCfg = Release|Any CPU
		{A043C412-47C5-4731-A2BB-97A5E809D804}.Release|Any CPU.Build.0 = Release|Any CPU
	EndGlobalSection
	GlobalSection(SolutionProperties) = preSolution
		HideSolutionNode = FALSE
	EndGlobalSection
	GlobalSection(ExtensibilityGlobals) = postSolution
		SolutionGuid = {4693C036-A364-48EC-B142-93D01F139303}
	EndGlobalSection
EndGlobal
